# @generated by Move, please check-in and do not edit manually.

[move]
version = 3
manifest_digest = "EECC49D465F0AFFE51A4A9B37AEC3BF96B953BEE9611F08622AD1E257FFB754F"
deps_digest = "F8BBB0CCB2491CA29A3DF03D6F92277A4F3574266507ACD77214D37ECA3F3082"
dependencies = [
  { id = "Sui", name = "Sui" },
]

[[move.package]]
id = "MoveStdlib"
source = { git = "https://github.com/MystenLabs/sui.git", rev = "framework/testnet", subdir = "crates/sui-framework/packages/move-stdlib" }

[[move.package]]
id = "Sui"
source = { git = "https://github.com/MystenLabs/sui.git", rev = "framework/testnet", subdir = "crates/sui-framework/packages/sui-framework" }

dependencies = [
  { id = "MoveStdlib", name = "MoveStdlib" },
]

[move.toolchain-version]
compiler-version = "1.38.2"
edition = "2024.beta"
flavor = "sui"

[env]

[env.devnet]
chain-id = "614bf495"
original-published-id = "0x0ecdeb53e9258fb876cfb42f57b32f29cc0b98255d7d6d616d52ba94d28e3e9b"
latest-published-id = "0x0ecdeb53e9258fb876cfb42f57b32f29cc0b98255d7d6d616d52ba94d28e3e9b"
published-version = "1"
